PODS:
  - AlipaySDK-iOS (15.8.30)
  - PayKit (0.2.0):
    - AlipaySDK-iOS (~> 15.8.30)
    - WechatOpenSDK-XCFramework (~> 2.0.5)
  - WechatOpenSDK-XCFramework (2.0.5)

DEPENDENCIES:
  - PayKit (from `https://github.com/mhqamx/PayKit.git`, tag `0.2.0`)

SPEC REPOS:
  trunk:
    - AlipaySDK-iOS
    - WechatOpenSDK-XCFramework

EXTERNAL SOURCES:
  PayKit:
    :git: https://github.com/mhqamx/PayKit.git
    :tag: 0.2.0

CHECKOUT OPTIONS:
  PayKit:
    :git: https://github.com/mhqamx/PayKit.git
    :tag: 0.2.0

SPEC CHECKSUMS:
  AlipaySDK-iOS: 913a1df564c64798903e71cf3d63141d9e1904d2
  PayKit: fca1eee234cb9db1629f1f11bd607c282db593cd
  WechatOpenSDK-XCFramework: ff342ae616bb86df3d236aca38059dfd4bc4a949

PODFILE CHECKSUM: 21fd4f0328065863785ac2820caed82b1a5bd6f0

COCOAPODS: 1.16.2
