PODS:
  - AlipaySDK-iOS (15.8.30)
  - PayKit (0.1.0):
    - AlipaySDK-iOS (~> 15.8.30)
    - WechatOpenSDK-XCFramework (~> 2.0.5)
  - WechatOpenSDK-XCFramework (2.0.5)

DEPENDENCIES:
  - PayKit (from `../..`)

SPEC REPOS:
  trunk:
    - AlipaySDK-iOS
    - WechatOpenSDK-XCFramework

EXTERNAL SOURCES:
  PayKit:
    :path: "../.."

SPEC CHECKSUMS:
  AlipaySDK-iOS: 913a1df564c64798903e71cf3d63141d9e1904d2
  PayKit: 4c538dcced710020f0729dc85351e2ecf3ddadff
  WechatOpenSDK-XCFramework: ff342ae616bb86df3d236aca38059dfd4bc4a949

PODFILE CHECKSUM: 88276df2ea40b933f3bf786cd801c07e9f736e42

COCOAPODS: 1.16.2
